
Microsoft Visual Studio Solution File, Format Version 12.00
# Visual Studio Version 17
VisualStudioVersion = 17.0.31912.275
MinimumVisualStudioVersion = 10.0.40219.1
Project("{9A19103F-16F7-4668-BE54-9A1E7A4F7556}") = "GalerieRenovation.Web", "GalerieRenovation.Web\GalerieRenovation.Web.csproj", "{B041B581-27D1-4CFD-BB3C-C15FFF4F27C0}"
EndProject
Project("{9A19103F-16F7-4668-BE54-9A1E7A4F7556}") = "GalerieRenovation.Models", "GalerieRenovation.Models\GalerieRenovation.Models.csproj", "{B482AFD5-D455-41D5-A096-35FCF4121669}"
EndProject
Project("{FAE04EC0-301F-11D3-BF4B-00C04F79EFBC}") = "GalerieRenovation.ApiFunctions", "GalerieRenovation.ApiFunctions\GalerieRenovation.ApiFunctions.csproj", "{2EEAE148-7CA1-47EB-9242-0CB601DCAF2E}"
EndProject
Global
	GlobalSection(SolutionConfigurationPlatforms) = preSolution
		Debug|Any CPU = Debug|Any CPU
		Release|Any CPU = Release|Any CPU
	EndGlobalSection
	GlobalSection(ProjectConfigurationPlatforms) = postSolution
		{B041B581-27D1-4CFD-BB3C-C15FFF4F27C0}.Debug|Any CPU.ActiveCfg = Debug|Any CPU
		{B041B581-27D1-4CFD-BB3C-C15FFF4F27C0}.Debug|Any CPU.Build.0 = Debug|Any CPU
		{B041B581-27D1-4CFD-BB3C-C15FFF4F27C0}.Release|Any CPU.ActiveCfg = Release|Any CPU
		{B041B581-27D1-4CFD-BB3C-C15FFF4F27C0}.Release|Any CPU.Build.0 = Release|Any CPU
		{B482AFD5-D455-41D5-A096-35FCF4121669}.Debug|Any CPU.ActiveCfg = Debug|Any CPU
		{B482AFD5-D455-41D5-A096-35FCF4121669}.Debug|Any CPU.Build.0 = Debug|Any CPU
		{B482AFD5-D455-41D5-A096-35FCF4121669}.Release|Any CPU.ActiveCfg = Release|Any CPU
		{B482AFD5-D455-41D5-A096-35FCF4121669}.Release|Any CPU.Build.0 = Release|Any CPU
		{2EEAE148-7CA1-47EB-9242-0CB601DCAF2E}.Debug|Any CPU.ActiveCfg = Debug|Any CPU
		{2EEAE148-7CA1-47EB-9242-0CB601DCAF2E}.Debug|Any CPU.Build.0 = Debug|Any CPU
		{2EEAE148-7CA1-47EB-9242-0CB601DCAF2E}.Release|Any CPU.ActiveCfg = Release|Any CPU
		{2EEAE148-7CA1-47EB-9242-0CB601DCAF2E}.Release|Any CPU.Build.0 = Release|Any CPU
	EndGlobalSection
	GlobalSection(SolutionProperties) = preSolution
		HideSolutionNode = FALSE
	EndGlobalSection
	GlobalSection(ExtensibilityGlobals) = postSolution
		SolutionGuid = {2D2971F4-0B96-44C4-84F4-06E69DAF0F55}
	EndGlobalSection
EndGlobal
